// !$*UTF8*$!
{
	archiveVersion = 1;
	classes = {
	};
	objectVersion = 56;
	objects = {

/* Begin PBXBuildFile section */
		3A39AB612B2F12C300FEF464 /* SegmentControlCollectionViewCell.swift in Sources */ = {isa = PBXBuildFile; fileRef = 3A39AB602B2F12C300FEF464 /* SegmentControlCollectionViewCell.swift */; };
		3A86C1502B2E076D009D49DD /* OrederedProducts.swift in Sources */ = {isa = PBXBuildFile; fileRef = 3A86C14F2B2E076D009D49DD /* OrederedProducts.swift */; };
		3AB75F322B27783F00C75658 /* AppDelegate.swift in Sources */ = {isa = PBXBuildFile; fileRef = 3AB75F312B27783F00C75658 /* AppDelegate.swift */; };
		3AB75F342B27783F00C75658 /* SceneDelegate.swift in Sources */ = {isa = PBXBuildFile; fileRef = 3AB75F332B27783F00C75658 /* SceneDelegate.swift */; };
		3AB75F362B27783F00C75658 /* MainTabBarView.swift in Sources */ = {isa = PBXBuildFile; fileRef = 3AB75F352B27783F00C75658 /* MainTabBarView.swift */; };
		3AB75F3B2B27784000C75658 /* Assets.xcassets in Resources */ = {isa = PBXBuildFile; fileRef = 3AB75F3A2B27784000C75658 /* Assets.xcassets */; };
		3AB75F3E2B27784000C75658 /* LaunchScreen.storyboard in Resources */ = {isa = PBXBuildFile; fileRef = 3AB75F3C2B27784000C75658 /* LaunchScreen.storyboard */; };
		3AB75F462B277CBE00C75658 /* MainView.swift in Sources */ = {isa = PBXBuildFile; fileRef = 3AB75F452B277CBE00C75658 /* MainView.swift */; };
		3AB75F482B277CCE00C75658 /* CartView.swift in Sources */ = {isa = PBXBuildFile; fileRef = 3AB75F472B277CCE00C75658 /* CartView.swift */; };
		3AB75F4A2B277CE100C75658 /* HistoryView.swift in Sources */ = {isa = PBXBuildFile; fileRef = 3AB75F492B277CE100C75658 /* HistoryView.swift */; };
		3AB75F4C2B277CEE00C75658 /* InfoView.swift in Sources */ = {isa = PBXBuildFile; fileRef = 3AB75F4B2B277CEE00C75658 /* InfoView.swift */; };
		3AB75F4E2B277E8500C75658 /* UIColorExtension.swift in Sources */ = {isa = PBXBuildFile; fileRef = 3AB75F4D2B277E8500C75658 /* UIColorExtension.swift */; };
		3AB75F502B2784D400C75658 /* TTNormsPro-Medium.ttf in Resources */ = {isa = PBXBuildFile; fileRef = 3AB75F4F2B2784D400C75658 /* TTNormsPro-Medium.ttf */; };
		3AB75F532B27861100C75658 /* TTNormsPro-Bold.ttf in Resources */ = {isa = PBXBuildFile; fileRef = 3AB75F522B27861100C75658 /* TTNormsPro-Bold.ttf */; };
		3AB75F552B27897700C75658 /* TypeProductsCollectionViewCell.swift in Sources */ = {isa = PBXBuildFile; fileRef = 3AB75F542B27897700C75658 /* TypeProductsCollectionViewCell.swift */; };
		3AB75F5E2B28611D00C75658 /* DetailProductCollectionView.swift in Sources */ = {isa = PBXBuildFile; fileRef = 3AB75F5D2B28611D00C75658 /* DetailProductCollectionView.swift */; };
		3AB75F722B28CF4F00C75658 /* Alamofire in Frameworks */ = {isa = PBXBuildFile; productRef = 3AB75F712B28CF4F00C75658 /* Alamofire */; };
		3AB75F742B28CF6600C75658 /* AF.swift in Sources */ = {isa = PBXBuildFile; fileRef = 3AB75F732B28CF6600C75658 /* AF.swift */; };
		3AB75F782B28D07400C75658 /* Product.swift in Sources */ = {isa = PBXBuildFile; fileRef = 3AB75F772B28D07400C75658 /* Product.swift */; };
		3AB75F7A2B28D10300C75658 /* ProductCategory.swift in Sources */ = {isa = PBXBuildFile; fileRef = 3AB75F792B28D10300C75658 /* ProductCategory.swift */; };
		3AB75F7C2B28D13E00C75658 /* OrderItem.swift in Sources */ = {isa = PBXBuildFile; fileRef = 3AB75F7B2B28D13E00C75658 /* OrderItem.swift */; };
		3AB75F7E2B28D17C00C75658 /* Order.swift in Sources */ = {isa = PBXBuildFile; fileRef = 3AB75F7D2B28D17C00C75658 /* Order.swift */; };
		3AB75F802B29E5AC00C75658 /* images.swift in Sources */ = {isa = PBXBuildFile; fileRef = 3AB75F7F2B29E5AC00C75658 /* images.swift */; };
		3AB75F832B2A37D200C75658 /* Kingfisher in Frameworks */ = {isa = PBXBuildFile; productRef = 3AB75F822B2A37D200C75658 /* Kingfisher */; };
		3AB75F852B2AF40B00C75658 /* DetailProductCollectionViewCell.swift in Sources */ = {isa = PBXBuildFile; fileRef = 3AB75F842B2AF40B00C75658 /* DetailProductCollectionViewCell.swift */; };
/* End PBXBuildFile section */

/* Begin PBXFileReference section */
		3A39AB602B2F12C300FEF464 /* SegmentControlCollectionViewCell.swift */ = {isa = PBXFileReference; lastKnownFileType = sourcecode.swift; path = SegmentControlCollectionViewCell.swift; sourceTree = "<group>"; };
		3A86C14F2B2E076D009D49DD /* OrederedProducts.swift */ = {isa = PBXFileReference; lastKnownFileType = sourcecode.swift; path = OrederedProducts.swift; sourceTree = "<group>"; };
		3AB75F2E2B27783F00C75658 /* EcoMarket.app */ = {isa = PBXFileReference; explicitFileType = wrapper.application; includeInIndex = 0; path = EcoMarket.app; sourceTree = BUILT_PRODUCTS_DIR; };
		3AB75F312B27783F00C75658 /* AppDelegate.swift */ = {isa = PBXFileReference; lastKnownFileType = sourcecode.swift; path = AppDelegate.swift; sourceTree = "<group>"; };
		3AB75F332B27783F00C75658 /* SceneDelegate.swift */ = {isa = PBXFileReference; lastKnownFileType = sourcecode.swift; path = SceneDelegate.swift; sourceTree = "<group>"; };
		3AB75F352B27783F00C75658 /* MainTabBarView.swift */ = {isa = PBXFileReference; lastKnownFileType = sourcecode.swift; path = MainTabBarView.swift; sourceTree = "<group>"; };
		3AB75F3A2B27784000C75658 /* Assets.xcassets */ = {isa = PBXFileReference; lastKnownFileType = folder.assetcatalog; path = Assets.xcassets; sourceTree = "<group>"; };
		3AB75F3D2B27784000C75658 /* Base */ = {isa = PBXFileReference; lastKnownFileType = file.storyboard; name = Base; path = Base.lproj/LaunchScreen.storyboard; sourceTree = "<group>"; };
		3AB75F3F2B27784000C75658 /* Info.plist */ = {isa = PBXFileReference; lastKnownFileType = text.plist.xml; path = Info.plist; sourceTree = "<group>"; };
		3AB75F452B277CBE00C75658 /* MainView.swift */ = {isa = PBXFileReference; lastKnownFileType = sourcecode.swift; path = MainView.swift; sourceTree = "<group>"; };
		3AB75F472B277CCE00C75658 /* CartView.swift */ = {isa = PBXFileReference; lastKnownFileType = sourcecode.swift; path = CartView.swift; sourceTree = "<group>"; };
		3AB75F492B277CE100C75658 /* HistoryView.swift */ = {isa = PBXFileReference; lastKnownFileType = sourcecode.swift; path = HistoryView.swift; sourceTree = "<group>"; };
		3AB75F4B2B277CEE00C75658 /* InfoView.swift */ = {isa = PBXFileReference; lastKnownFileType = sourcecode.swift; path = InfoView.swift; sourceTree = "<group>"; };
		3AB75F4D2B277E8500C75658 /* UIColorExtension.swift */ = {isa = PBXFileReference; lastKnownFileType = sourcecode.swift; path = UIColorExtension.swift; sourceTree = "<group>"; };
		3AB75F4F2B2784D400C75658 /* TTNormsPro-Medium.ttf */ = {isa = PBXFileReference; lastKnownFileType = file; path = "TTNormsPro-Medium.ttf"; sourceTree = "<group>"; };
		3AB75F522B27861100C75658 /* TTNormsPro-Bold.ttf */ = {isa = PBXFileReference; lastKnownFileType = file; path = "TTNormsPro-Bold.ttf"; sourceTree = "<group>"; };
		3AB75F542B27897700C75658 /* TypeProductsCollectionViewCell.swift */ = {isa = PBXFileReference; lastKnownFileType = sourcecode.swift; path = TypeProductsCollectionViewCell.swift; sourceTree = "<group>"; };
		3AB75F5D2B28611D00C75658 /* DetailProductCollectionView.swift */ = {isa = PBXFileReference; lastKnownFileType = sourcecode.swift; path = DetailProductCollectionView.swift; sourceTree = "<group>"; };
		3AB75F732B28CF6600C75658 /* AF.swift */ = {isa = PBXFileReference; lastKnownFileType = sourcecode.swift; path = AF.swift; sourceTree = "<group>"; };
		3AB75F772B28D07400C75658 /* Product.swift */ = {isa = PBXFileReference; lastKnownFileType = sourcecode.swift; path = Product.swift; sourceTree = "<group>"; };
		3AB75F792B28D10300C75658 /* ProductCategory.swift */ = {isa = PBXFileReference; lastKnownFileType = sourcecode.swift; path = ProductCategory.swift; sourceTree = "<group>"; };
		3AB75F7B2B28D13E00C75658 /* OrderItem.swift */ = {isa = PBXFileReference; lastKnownFileType = sourcecode.swift; path = OrderItem.swift; sourceTree = "<group>"; };
		3AB75F7D2B28D17C00C75658 /* Order.swift */ = {isa = PBXFileReference; lastKnownFileType = sourcecode.swift; path = Order.swift; sourceTree = "<group>"; };
		3AB75F7F2B29E5AC00C75658 /* images.swift */ = {isa = PBXFileReference; lastKnownFileType = sourcecode.swift; path = images.swift; sourceTree = "<group>"; };
		3AB75F842B2AF40B00C75658 /* DetailProductCollectionViewCell.swift */ = {isa = PBXFileReference; lastKnownFileType = sourcecode.swift; path = DetailProductCollectionViewCell.swift; sourceTree = "<group>"; };
/* End PBXFileReference section */

/* Begin PBXFrameworksBuildPhase section */
		3AB75F2B2B27783F00C75658 /* Frameworks */ = {
			isa = PBXFrameworksBuildPhase;
			buildActionMask = 2147483647;
			files = (
				3AB75F832B2A37D200C75658 /* Kingfisher in Frameworks */,
				3AB75F722B28CF4F00C75658 /* Alamofire in Frameworks */,
			);
			runOnlyForDeploymentPostprocessing = 0;
		};
/* End PBXFrameworksBuildPhase section */

/* Begin PBXGroup section */
		3AB75F252B27783F00C75658 = {
			isa = PBXGroup;
			children = (
				3AB75F302B27783F00C75658 /* EcoMarket */,
				3AB75F2F2B27783F00C75658 /* Products */,
			);
			sourceTree = "<group>";
		};
		3AB75F2F2B27783F00C75658 /* Products */ = {
			isa = PBXGroup;
			children = (
				3AB75F2E2B27783F00C75658 /* EcoMarket.app */,
			);
			name = Products;
			sourceTree = "<group>";
		};
		3AB75F302B27783F00C75658 /* EcoMarket */ = {
			isa = PBXGroup;
			children = (
				3AB75F592B285E9600C75658 /* InfoView */,
				3AB75F582B285E8A00C75658 /* HistoryView */,
				3AB75F572B285E8000C75658 /* CartView */,
				3AB75F562B285E7000C75658 /* MainView */,
				3AB75F5A2B285EAC00C75658 /* App */,
				3AB75F5C2B285EC800C75658 /* TabBarView */,
				3AB75F5B2B285EBE00C75658 /* Extensions */,
				3AB75F512B2784DF00C75658 /* Fonts */,
				3AB75F3A2B27784000C75658 /* Assets.xcassets */,
				3AB75F3C2B27784000C75658 /* LaunchScreen.storyboard */,
				3AB75F3F2B27784000C75658 /* Info.plist */,
				3AB75F752B28CFAD00C75658 /* Models */,
				3AB75F5F2B28C62300C75658 /* NetworkLayer */,
			);
			path = EcoMarket;
			sourceTree = "<group>";
		};
		3AB75F512B2784DF00C75658 /* Fonts */ = {
			isa = PBXGroup;
			children = (
				3AB75F4F2B2784D400C75658 /* TTNormsPro-Medium.ttf */,
				3AB75F522B27861100C75658 /* TTNormsPro-Bold.ttf */,
			);
			path = Fonts;
			sourceTree = "<group>";
		};
		3AB75F562B285E7000C75658 /* MainView */ = {
			isa = PBXGroup;
			children = (
				3AB75F452B277CBE00C75658 /* MainView.swift */,
				3AB75F542B27897700C75658 /* TypeProductsCollectionViewCell.swift */,
				3AB75F5D2B28611D00C75658 /* DetailProductCollectionView.swift */,
				3AB75F842B2AF40B00C75658 /* DetailProductCollectionViewCell.swift */,
				3A39AB602B2F12C300FEF464 /* SegmentControlCollectionViewCell.swift */,
			);
			path = MainView;
			sourceTree = "<group>";
		};
		3AB75F572B285E8000C75658 /* CartView */ = {
			isa = PBXGroup;
			children = (
				3AB75F472B277CCE00C75658 /* CartView.swift */,
			);
			path = CartView;
			sourceTree = "<group>";
		};
		3AB75F582B285E8A00C75658 /* HistoryView */ = {
			isa = PBXGroup;
			children = (
				3AB75F492B277CE100C75658 /* HistoryView.swift */,
			);
			path = HistoryView;
			sourceTree = "<group>";
		};
		3AB75F592B285E9600C75658 /* InfoView */ = {
			isa = PBXGroup;
			children = (
				3AB75F4B2B277CEE00C75658 /* InfoView.swift */,
			);
			path = InfoView;
			sourceTree = "<group>";
		};
		3AB75F5A2B285EAC00C75658 /* App */ = {
			isa = PBXGroup;
			children = (
				3AB75F312B27783F00C75658 /* AppDelegate.swift */,
				3AB75F332B27783F00C75658 /* SceneDelegate.swift */,
			);
			path = App;
			sourceTree = "<group>";
		};
		3AB75F5B2B285EBE00C75658 /* Extensions */ = {
			isa = PBXGroup;
			children = (
				3AB75F4D2B277E8500C75658 /* UIColorExtension.swift */,
			);
			path = Extensions;
			sourceTree = "<group>";
		};
		3AB75F5C2B285EC800C75658 /* TabBarView */ = {
			isa = PBXGroup;
			children = (
				3AB75F352B27783F00C75658 /* MainTabBarView.swift */,
			);
			path = TabBarView;
			sourceTree = "<group>";
		};
		3AB75F5F2B28C62300C75658 /* NetworkLayer */ = {
			isa = PBXGroup;
			children = (
				3AB75F732B28CF6600C75658 /* AF.swift */,
			);
			path = NetworkLayer;
			sourceTree = "<group>";
		};
		3AB75F752B28CFAD00C75658 /* Models */ = {
			isa = PBXGroup;
			children = (
				3AB75F772B28D07400C75658 /* Product.swift */,
				3AB75F792B28D10300C75658 /* ProductCategory.swift */,
				3AB75F7B2B28D13E00C75658 /* OrderItem.swift */,
				3AB75F7D2B28D17C00C75658 /* Order.swift */,
				3AB75F7F2B29E5AC00C75658 /* images.swift */,
				3A86C14F2B2E076D009D49DD /* OrederedProducts.swift */,
			);
			path = Models;
			sourceTree = "<group>";
		};
/* End PBXGroup section */

/* Begin PBXNativeTarget section */
		3AB75F2D2B27783F00C75658 /* EcoMarket */ = {
			isa = PBXNativeTarget;
			buildConfigurationList = 3AB75F422B27784000C75658 /* Build configuration list for PBXNativeTarget "EcoMarket" */;
			buildPhases = (
				3AB75F2A2B27783F00C75658 /* Sources */,
				3AB75F2B2B27783F00C75658 /* Frameworks */,
				3AB75F2C2B27783F00C75658 /* Resources */,
			);
			buildRules = (
			);
			dependencies = (
			);
			name = EcoMarket;
			packageProductDependencies = (
				3AB75F712B28CF4F00C75658 /* Alamofire */,
				3AB75F822B2A37D200C75658 /* Kingfisher */,
			);
			productName = EcoMarket;
			productReference = 3AB75F2E2B27783F00C75658 /* EcoMarket.app */;
			productType = "com.apple.product-type.application";
		};
/* End PBXNativeTarget section */

/* Begin PBXProject section */
		3AB75F262B27783F00C75658 /* Project object */ = {
			isa = PBXProject;
			attributes = {
				BuildIndependentTargetsInParallel = 1;
				LastSwiftUpdateCheck = 1430;
				LastUpgradeCheck = 1430;
				TargetAttributes = {
					3AB75F2D2B27783F00C75658 = {
						CreatedOnToolsVersion = 14.3.1;
					};
				};
			};
			buildConfigurationList = 3AB75F292B27783F00C75658 /* Build configuration list for PBXProject "EcoMarket" */;
			compatibilityVersion = "Xcode 14.0";
			developmentRegion = en;
			hasScannedForEncodings = 0;
			knownRegions = (
				en,
				Base,
			);
			mainGroup = 3AB75F252B27783F00C75658;
			packageReferences = (
				3AB75F702B28CF4F00C75658 /* XCRemoteSwiftPackageReference "Alamofire" */,
				3AB75F812B2A37D200C75658 /* XCRemoteSwiftPackageReference "Kingfisher" */,
			);
			productRefGroup = 3AB75F2F2B27783F00C75658 /* Products */;
			projectDirPath = "";
			projectRoot = "";
			targets = (
				3AB75F2D2B27783F00C75658 /* EcoMarket */,
			);
		};
/* End PBXProject section */

/* Begin PBXResourcesBuildPhase section */
		3AB75F2C2B27783F00C75658 /* Resources */ = {
			isa = PBXResourcesBuildPhase;
			buildActionMask = 2147483647;
			files = (
				3AB75F3E2B27784000C75658 /* LaunchScreen.storyboard in Resources */,
				3AB75F532B27861100C75658 /* TTNormsPro-Bold.ttf in Resources */,
				3AB75F502B2784D400C75658 /* TTNormsPro-Medium.ttf in Resources */,
				3AB75F3B2B27784000C75658 /* Assets.xcassets in Resources */,
			);
			runOnlyForDeploymentPostprocessing = 0;
		};
/* End PBXResourcesBuildPhase section */

/* Begin PBXSourcesBuildPhase section */
		3AB75F2A2B27783F00C75658 /* Sources */ = {
			isa = PBXSourcesBuildPhase;
			buildActionMask = 2147483647;
			files = (
				3AB75F482B277CCE00C75658 /* CartView.swift in Sources */,
				3AB75F5E2B28611D00C75658 /* DetailProductCollectionView.swift in Sources */,
				3AB75F852B2AF40B00C75658 /* DetailProductCollectionViewCell.swift in Sources */,
				3AB75F4A2B277CE100C75658 /* HistoryView.swift in Sources */,
				3AB75F362B27783F00C75658 /* MainTabBarView.swift in Sources */,
				3AB75F4E2B277E8500C75658 /* UIColorExtension.swift in Sources */,
				3AB75F7E2B28D17C00C75658 /* Order.swift in Sources */,
				3A86C1502B2E076D009D49DD /* OrederedProducts.swift in Sources */,
				3AB75F552B27897700C75658 /* TypeProductsCollectionViewCell.swift in Sources */,
				3AB75F462B277CBE00C75658 /* MainView.swift in Sources */,
				3AB75F782B28D07400C75658 /* Product.swift in Sources */,
				3AB75F322B27783F00C75658 /* AppDelegate.swift in Sources */,
				3AB75F7A2B28D10300C75658 /* ProductCategory.swift in Sources */,
				3AB75F742B28CF6600C75658 /* AF.swift in Sources */,
				3AB75F7C2B28D13E00C75658 /* OrderItem.swift in Sources */,
				3AB75F802B29E5AC00C75658 /* images.swift in Sources */,
				3AB75F342B27783F00C75658 /* SceneDelegate.swift in Sources */,
				3AB75F4C2B277CEE00C75658 /* InfoView.swift in Sources */,
				3A39AB612B2F12C300FEF464 /* SegmentControlCollectionViewCell.swift in Sources */,
			);
			runOnlyForDeploymentPostprocessing = 0;
		};
/* End PBXSourcesBuildPhase section */

/* Begin PBXVariantGroup section */
		3AB75F3C2B27784000C75658 /* LaunchScreen.storyboard */ = {
			isa = PBXVariantGroup;
			children = (
				3AB75F3D2B27784000C75658 /* Base */,
			);
			name = LaunchScreen.storyboard;
			sourceTree = "<group>";
		};
/* End PBXVariantGroup section */

/* Begin XCBuildConfiguration section */
		3AB75F402B27784000C75658 /* Debug */ = {
			isa = XCBuildConfiguration;
			buildSettings = {
				ALWAYS_SEARCH_USER_PATHS = NO;
				CLANG_ANALYZER_NONNULL = YES;
				CLANG_ANALYZER_NUMBER_OBJECT_CONVERSION = YES_AGGRESSIVE;
				CLANG_CXX_LANGUAGE_STANDARD = "gnu++20";
				CLANG_ENABLE_MODULES = YES;
				CLANG_ENABLE_OBJC_ARC = YES;
				CLANG_ENABLE_OBJC_WEAK = YES;
				CLANG_WARN_BLOCK_CAPTURE_AUTORELEASING = YES;
				CLANG_WARN_BOOL_CONVERSION = YES;
				CLANG_WARN_COMMA = YES;
				CLANG_WARN_CONSTANT_CONVERSION = YES;
				CLANG_WARN_DEPRECATED_OBJC_IMPLEMENTATIONS = YES;
				CLANG_WARN_DIRECT_OBJC_ISA_USAGE = YES_ERROR;
				CLANG_WARN_DOCUMENTATION_COMMENTS = YES;
				CLANG_WARN_EMPTY_BODY = YES;
				CLANG_WARN_ENUM_CONVERSION = YES;
				CLANG_WARN_INFINITE_RECURSION = YES;
				CLANG_WARN_INT_CONVERSION = YES;
				CLANG_WARN_NON_LITERAL_NULL_CONVERSION = YES;
				CLANG_WARN_OBJC_IMPLICIT_RETAIN_SELF = YES;
				CLANG_WARN_OBJC_LITERAL_CONVERSION = YES;
				CLANG_WARN_OBJC_ROOT_CLASS = YES_ERROR;
				CLANG_WARN_QUOTED_INCLUDE_IN_FRAMEWORK_HEADER = YES;
				CLANG_WARN_RANGE_LOOP_ANALYSIS = YES;
				CLANG_WARN_STRICT_PROTOTYPES = YES;
				CLANG_WARN_SUSPICIOUS_MOVE = YES;
				CLANG_WARN_UNGUARDED_AVAILABILITY = YES_AGGRESSIVE;
				CLANG_WARN_UNREACHABLE_CODE = YES;
				CLANG_WARN__DUPLICATE_METHOD_MATCH = YES;
				COPY_PHASE_STRIP = NO;
				DEBUG_INFORMATION_FORMAT = dwarf;
				ENABLE_STRICT_OBJC_MSGSEND = YES;
				ENABLE_TESTABILITY = YES;
				GCC_C_LANGUAGE_STANDARD = gnu11;
				GCC_DYNAMIC_NO_PIC = NO;
				GCC_NO_COMMON_BLOCKS = YES;
				GCC_OPTIMIZATION_LEVEL = 0;
				GCC_PREPROCESSOR_DEFINITIONS = (
					"DEBUG=1",
					"$(inherited)",
				);
				GCC_WARN_64_TO_32_BIT_CONVERSION = YES;
				GCC_WARN_ABOUT_RETURN_TYPE = YES_ERROR;
				GCC_WARN_UNDECLARED_SELECTOR = YES;
				GCC_WARN_UNINITIALIZED_AUTOS = YES_AGGRESSIVE;
				GCC_WARN_UNUSED_FUNCTION = YES;
				GCC_WARN_UNUSED_VARIABLE = YES;
				IPHONEOS_DEPLOYMENT_TARGET = 16.4;
				MTL_ENABLE_DEBUG_INFO = INCLUDE_SOURCE;
				MTL_FAST_MATH = YES;
				ONLY_ACTIVE_ARCH = YES;
				SDKROOT = iphoneos;
				SWIFT_ACTIVE_COMPILATION_CONDITIONS = DEBUG;
				SWIFT_OPTIMIZATION_LEVEL = "-Onone";
			};
			name = Debug;
		};
		3AB75F412B27784000C75658 /* Release */ = {
			isa = XCBuildConfiguration;
			buildSettings = {
				ALWAYS_SEARCH_USER_PATHS = NO;
				CLANG_ANALYZER_NONNULL = YES;
				CLANG_ANALYZER_NUMBER_OBJECT_CONVERSION = YES_AGGRESSIVE;
				CLANG_CXX_LANGUAGE_STANDARD = "gnu++20";
				CLANG_ENABLE_MODULES = YES;
				CLANG_ENABLE_OBJC_ARC = YES;
				CLANG_ENABLE_OBJC_WEAK = YES;
				CLANG_WARN_BLOCK_CAPTURE_AUTORELEASING = YES;
				CLANG_WARN_BOOL_CONVERSION = YES;
				CLANG_WARN_COMMA = YES;
				CLANG_WARN_CONSTANT_CONVERSION = YES;
				CLANG_WARN_DEPRECATED_OBJC_IMPLEMENTATIONS = YES;
				CLANG_WARN_DIRECT_OBJC_ISA_USAGE = YES_ERROR;
				CLANG_WARN_DOCUMENTATION_COMMENTS = YES;
				CLANG_WARN_EMPTY_BODY = YES;
				CLANG_WARN_ENUM_CONVERSION = YES;
				CLANG_WARN_INFINITE_RECURSION = YES;
				CLANG_WARN_INT_CONVERSION = YES;
				CLANG_WARN_NON_LITERAL_NULL_CONVERSION = YES;
				CLANG_WARN_OBJC_IMPLICIT_RETAIN_SELF = YES;
				CLANG_WARN_OBJC_LITERAL_CONVERSION = YES;
				CLANG_WARN_OBJC_ROOT_CLASS = YES_ERROR;
				CLANG_WARN_QUOTED_INCLUDE_IN_FRAMEWORK_HEADER = YES;
				CLANG_WARN_RANGE_LOOP_ANALYSIS = YES;
				CLANG_WARN_STRICT_PROTOTYPES = YES;
				CLANG_WARN_SUSPICIOUS_MOVE = YES;
				CLANG_WARN_UNGUARDED_AVAILABILITY = YES_AGGRESSIVE;
				CLANG_WARN_UNREACHABLE_CODE = YES;
				CLANG_WARN__DUPLICATE_METHOD_MATCH = YES;
				COPY_PHASE_STRIP = NO;
				DEBUG_INFORMATION_FORMAT = "dwarf-with-dsym";
				ENABLE_NS_ASSERTIONS = NO;
				ENABLE_STRICT_OBJC_MSGSEND = YES;
				GCC_C_LANGUAGE_STANDARD = gnu11;
				GCC_NO_COMMON_BLOCKS = YES;
				GCC_WARN_64_TO_32_BIT_CONVERSION = YES;
				GCC_WARN_ABOUT_RETURN_TYPE = YES_ERROR;
				GCC_WARN_UNDECLARED_SELECTOR = YES;
				GCC_WARN_UNINITIALIZED_AUTOS = YES_AGGRESSIVE;
				GCC_WARN_UNUSED_FUNCTION = YES;
				GCC_WARN_UNUSED_VARIABLE = YES;
				IPHONEOS_DEPLOYMENT_TARGET = 16.4;
				MTL_ENABLE_DEBUG_INFO = NO;
				MTL_FAST_MATH = YES;
				SDKROOT = iphoneos;
				SWIFT_COMPILATION_MODE = wholemodule;
				SWIFT_OPTIMIZATION_LEVEL = "-O";
				VALIDATE_PRODUCT = YES;
			};
			name = Release;
		};
		3AB75F432B27784000C75658 /* Debug */ = {
			isa = XCBuildConfiguration;
			buildSettings = {
				ASSETCATALOG_COMPILER_APPICON_NAME = AppIcon;
				ASSETCATALOG_COMPILER_GLOBAL_ACCENT_COLOR_NAME = AccentColor;
				CODE_SIGN_STYLE = Automatic;
				CURRENT_PROJECT_VERSION = 1;
				DEVELOPMENT_TEAM = 8HP4B7768D;
				GENERATE_INFOPLIST_FILE = YES;
				INFOPLIST_FILE = EcoMarket/Info.plist;
				INFOPLIST_KEY_UIApplicationSupportsIndirectInputEvents = YES;
				INFOPLIST_KEY_UILaunchStoryboardName = LaunchScreen;
				INFOPLIST_KEY_UIStatusBarStyle = "";
				INFOPLIST_KEY_UISupportedInterfaceOrientations = UIInterfaceOrientationPortrait;
				INFOPLIST_KEY_UISupportedInterfaceOrientations_iPad = "UIInterfaceOrientationLandscapeLeft UIInterfaceOrientationLandscapeRight UIInterfaceOrientationPortrait UIInterfaceOrientationPortraitUpsideDown";
				LD_RUNPATH_SEARCH_PATHS = (
					"$(inherited)",
					"@executable_path/Frameworks",
				);
				MARKETING_VERSION = 1.0;
				PRODUCT_BUNDLE_IDENTIFIER = com.Kamalios.CounterApp.EcoMarket;
				PRODUCT_NAME = "$(TARGET_NAME)";
				SUPPORTED_PLATFORMS = "iphoneos iphonesimulator";
				SUPPORTS_MACCATALYST = NO;
				SUPPORTS_MAC_DESIGNED_FOR_IPHONE_IPAD = NO;
				SWIFT_EMIT_LOC_STRINGS = YES;
				SWIFT_VERSION = 5.0;
				TARGETED_DEVICE_FAMILY = 1;
			};
			name = Debug;
		};
		3AB75F442B27784000C75658 /* Release */ = {
			isa = XCBuildConfiguration;
			buildSettings = {
				ASSETCATALOG_COMPILER_APPICON_NAME = AppIcon;
				ASSETCATALOG_COMPILER_GLOBAL_ACCENT_COLOR_NAME = AccentColor;
				CODE_SIGN_STYLE = Automatic;
				CURRENT_PROJECT_VERSION = 1;
				DEVELOPMENT_TEAM = 8HP4B7768D;
				GENERATE_INFOPLIST_FILE = YES;
				INFOPLIST_FILE = EcoMarket/Info.plist;
				INFOPLIST_KEY_UIApplicationSupportsIndirectInputEvents = YES;
				INFOPLIST_KEY_UILaunchStoryboardName = LaunchScreen;
				INFOPLIST_KEY_UIStatusBarStyle = "";
				INFOPLIST_KEY_UISupportedInterfaceOrientations = UIInterfaceOrientationPortrait;
				INFOPLIST_KEY_UISupportedInterfaceOrientations_iPad = "UIInterfaceOrientationLandscapeLeft UIInterfaceOrientationLandscapeRight UIInterfaceOrientationPortrait UIInterfaceOrientationPortraitUpsideDown";
				LD_RUNPATH_SEARCH_PATHS = (
					"$(inherited)",
					"@executable_path/Frameworks",
				);
				MARKETING_VERSION = 1.0;
				PRODUCT_BUNDLE_IDENTIFIER = com.Kamalios.CounterApp.EcoMarket;
				PRODUCT_NAME = "$(TARGET_NAME)";
				SUPPORTED_PLATFORMS = "iphoneos iphonesimulator";
				SUPPORTS_MACCATALYST = NO;
				SUPPORTS_MAC_DESIGNED_FOR_IPHONE_IPAD = NO;
				SWIFT_EMIT_LOC_STRINGS = YES;
				SWIFT_VERSION = 5.0;
				TARGETED_DEVICE_FAMILY = 1;
			};
			name = Release;
		};
/* End XCBuildConfiguration section */

/* Begin XCConfigurationList section */
		3AB75F292B27783F00C75658 /* Build configuration list for PBXProject "EcoMarket" */ = {
			isa = XCConfigurationList;
			buildConfigurations = (
				3AB75F402B27784000C75658 /* Debug */,
				3AB75F412B27784000C75658 /* Release */,
			);
			defaultConfigurationIsVisible = 0;
			defaultConfigurationName = Release;
		};
		3AB75F422B27784000C75658 /* Build configuration list for PBXNativeTarget "EcoMarket" */ = {
			isa = XCConfigurationList;
			buildConfigurations = (
				3AB75F432B27784000C75658 /* Debug */,
				3AB75F442B27784000C75658 /* Release */,
			);
			defaultConfigurationIsVisible = 0;
			defaultConfigurationName = Release;
		};
/* End XCConfigurationList section */

/* Begin XCRemoteSwiftPackageReference section */
		3AB75F702B28CF4F00C75658 /* XCRemoteSwiftPackageReference "Alamofire" */ = {
			isa = XCRemoteSwiftPackageReference;
			repositoryURL = "https://github.com/Alamofire/Alamofire.git";
			requirement = {
				kind = upToNextMajorVersion;
				minimumVersion = 5.0.0;
			};
		};
		3AB75F812B2A37D200C75658 /* XCRemoteSwiftPackageReference "Kingfisher" */ = {
			isa = XCRemoteSwiftPackageReference;
			repositoryURL = "https://github.com/onevcat/Kingfisher.git";
			requirement = {
				kind = upToNextMajorVersion;
				minimumVersion = 7.0.0;
			};
		};
/* End XCRemoteSwiftPackageReference section */

/* Begin XCSwiftPackageProductDependency section */
		3AB75F712B28CF4F00C75658 /* Alamofire */ = {
			isa = XCSwiftPackageProductDependency;
			package = 3AB75F702B28CF4F00C75658 /* XCRemoteSwiftPackageReference "Alamofire" */;
			productName = Alamofire;
		};
		3AB75F822B2A37D200C75658 /* Kingfisher */ = {
			isa = XCSwiftPackageProductDependency;
			package = 3AB75F812B2A37D200C75658 /* XCRemoteSwiftPackageReference "Kingfisher" */;
			productName = Kingfisher;
		};
/* End XCSwiftPackageProductDependency section */
	};
	rootObject = 3AB75F262B27783F00C75658 /* Project object */;
}
